
Microsoft Visual Studio Solution File, Format Version 12.00
# Visual Studio Version 16
VisualStudioVersion = 16.0.30011.22
MinimumVisualStudioVersion = 10.0.40219.1
Project("{9A19103F-16F7-4668-BE54-9A1E7A4F7556}") = "Ibanking", "Ibanking\Ibanking.csproj", "{A577FB57-1E25-476A-A91C-6E91C3305818}"
EndProject
Project("{9A19103F-16F7-4668-BE54-9A1E7A4F7556}") = "Database", "Database\Database.csproj", "{8DD354DB-1A65-40EB-9FA0-D966C908C5C2}"
EndProject
Project("{9A19103F-16F7-4668-BE54-9A1E7A4F7556}") = "Email", "Email\Email.csproj", "{FA3811A1-2482-4AC0-BF0C-A52B86EACDFA}"
EndProject
Project("{FAE04EC0-301F-11D3-BF4B-00C04F79EFBC}") = "ViewModels", "ViewModels\ViewModels.csproj", "{FA0AF3EC-AB74-4660-ABE0-61E56FD9957A}"
EndProject
Project("{FAE04EC0-301F-11D3-BF4B-00C04F79EFBC}") = "Repository", "Repository\Repository.csproj", "{5C509395-86BF-447C-ABFF-ED86101DDD8B}"
EndProject
Global
	GlobalSection(SolutionConfigurationPlatforms) = preSolution
		Debug|Any CPU = Debug|Any CPU
		Release|Any CPU = Release|Any CPU
	EndGlobalSection
	GlobalSection(ProjectConfigurationPlatforms) = postSolution
		{A577FB57-1E25-476A-A91C-6E91C3305818}.Debug|Any CPU.ActiveCfg = Debug|Any CPU
		{A577FB57-1E25-476A-A91C-6E91C3305818}.Debug|Any CPU.Build.0 = Debug|Any CPU
		{A577FB57-1E25-476A-A91C-6E91C3305818}.Release|Any CPU.ActiveCfg = Release|Any CPU
		{A577FB57-1E25-476A-A91C-6E91C3305818}.Release|Any CPU.Build.0 = Release|Any CPU
		{8DD354DB-1A65-40EB-9FA0-D966C908C5C2}.Debug|Any CPU.ActiveCfg = Debug|Any CPU
		{8DD354DB-1A65-40EB-9FA0-D966C908C5C2}.Debug|Any CPU.Build.0 = Debug|Any CPU
		{8DD354DB-1A65-40EB-9FA0-D966C908C5C2}.Release|Any CPU.ActiveCfg = Release|Any CPU
		{8DD354DB-1A65-40EB-9FA0-D966C908C5C2}.Release|Any CPU.Build.0 = Release|Any CPU
		{FA3811A1-2482-4AC0-BF0C-A52B86EACDFA}.Debug|Any CPU.ActiveCfg = Debug|Any CPU
		{FA3811A1-2482-4AC0-BF0C-A52B86EACDFA}.Debug|Any CPU.Build.0 = Debug|Any CPU
		{FA3811A1-2482-4AC0-BF0C-A52B86EACDFA}.Release|Any CPU.ActiveCfg = Release|Any CPU
		{FA3811A1-2482-4AC0-BF0C-A52B86EACDFA}.Release|Any CPU.Build.0 = Release|Any CPU
		{FA0AF3EC-AB74-4660-ABE0-61E56FD9957A}.Debug|Any CPU.ActiveCfg = Debug|Any CPU
		{FA0AF3EC-AB74-4660-ABE0-61E56FD9957A}.Debug|Any CPU.Build.0 = Debug|Any CPU
		{FA0AF3EC-AB74-4660-ABE0-61E56FD9957A}.Release|Any CPU.ActiveCfg = Release|Any CPU
		{FA0AF3EC-AB74-4660-ABE0-61E56FD9957A}.Release|Any CPU.Build.0 = Release|Any CPU
		{5C509395-86BF-447C-ABFF-ED86101DDD8B}.Debug|Any CPU.ActiveCfg = Debug|Any CPU
		{5C509395-86BF-447C-ABFF-ED86101DDD8B}.Debug|Any CPU.Build.0 = Debug|Any CPU
		{5C509395-86BF-447C-ABFF-ED86101DDD8B}.Release|Any CPU.ActiveCfg = Release|Any CPU
		{5C509395-86BF-447C-ABFF-ED86101DDD8B}.Release|Any CPU.Build.0 = Release|Any CPU
	EndGlobalSection
	GlobalSection(SolutionProperties) = preSolution
		HideSolutionNode = FALSE
	EndGlobalSection
	GlobalSection(ExtensibilityGlobals) = postSolution
		SolutionGuid = {5783D389-7382-4FE0-AA48-AF7C46090F95}
	EndGlobalSection
EndGlobal
